
Microsoft Visual Studio Solution File, Format Version 12.00
# Visual Studio Version 17
VisualStudioVersion = 17.1.32328.378
MinimumVisualStudioVersion = 10.0.40219.1
Project("{9A19103F-16F7-4668-BE54-9A1E7A4F7556}") = "Chemical-Management", "Chemical-Management.csproj", "{61055F98-B262-4EEA-924A-2CA15572CB0C}"
EndProject
Project("{FAE04EC0-301F-11D3-BF4B-00C04F79EFBC}") = "Chemical-ManagementTests", "..\Chemical-ManagementTests\Chemical-ManagementTests.csproj", "{F5B071E2-147D-4DEE-8E10-440E420E3DD1}"
EndProject
Global
	GlobalSection(SolutionConfigurationPlatforms) = preSolution
		Debug|Any CPU = Debug|Any CPU
		Release|Any CPU = Release|Any CPU
	EndGlobalSection
	GlobalSection(ProjectConfigurationPlatforms) = postSolution
		{61055F98-B262-4EEA-924A-2CA15572CB0C}.Debug|Any CPU.ActiveCfg = Debug|Any CPU
		{61055F98-B262-4EEA-924A-2CA15572CB0C}.Debug|Any CPU.Build.0 = Debug|Any CPU
		{61055F98-B262-4EEA-924A-2CA15572CB0C}.Release|Any CPU.ActiveCfg = Release|Any CPU
		{61055F98-B262-4EEA-924A-2CA15572CB0C}.Release|Any CPU.Build.0 = Release|Any CPU
		{F5B071E2-147D-4DEE-8E10-440E420E3DD1}.Debug|Any CPU.ActiveCfg = Debug|Any CPU
		{F5B071E2-147D-4DEE-8E10-440E420E3DD1}.Debug|Any CPU.Build.0 = Debug|Any CPU
		{F5B071E2-147D-4DEE-8E10-440E420E3DD1}.Release|Any CPU.ActiveCfg = Release|Any CPU
		{F5B071E2-147D-4DEE-8E10-440E420E3DD1}.Release|Any CPU.Build.0 = Release|Any CPU
	EndGlobalSection
	GlobalSection(SolutionProperties) = preSolution
		HideSolutionNode = FALSE
	EndGlobalSection
	GlobalSection(ExtensibilityGlobals) = postSolution
		SolutionGuid = {34D8E172-C02A-461A-BDAD-1B5F9E1DA38B}
	EndGlobalSection
EndGlobal
